{
  "name": "nodejs-training",
  "version": "1.0.0",
  "lockfileVersion": 3,
  "requires": true,
  "packages": {
    "": {
      "name": "nodejs-training",
      "version": "1.0.0",
      "license": "ISC",
      "dependencies": {
        "fastseries": "^2.0.0",
        "fs": "^0.0.1-security",
        "promisify": "^0.0.3"
      }
    },
    "node_modules/fastseries": {
      "version": "2.0.0",
      "resolved": "https://registry.npmjs.org/fastseries/-/fastseries-2.0.0.tgz",
      "integrity": "sha512-XBU9RXeoYc2/VnvMhplAxEmZLfIk7cvTBu+xwoBuTI8pL19E03cmca17QQycKIdxgwCeFA/a4u27gv1h3ya5LQ=="
    },
    "node_modules/fs": {
      "version": "0.0.1-security",
      "resolved": "https://registry.npmjs.org/fs/-/fs-0.0.1-security.tgz",
      "integrity": "sha512-3XY9e1pP0CVEUCdj5BmfIZxRBTSDycnbqhIOGec9QYtmVH2fbLpj86CFWkrNOkt/Fvty4KZG5lTglL9j/gJ87w=="
    },
    "node_modules/promisify": {
      "version": "0.0.3",
      "resolved": "https://registry.npmjs.org/promisify/-/promisify-0.0.3.tgz",
      "integrity": "sha512-CcBGsRhhq466fsZVyHfptuKqon6eih0CqMsJE0kWIIjbpVNEyDoaKLELm2WVs//W/WXRBHip+6xhTExTkHUwtA==",
      "dependencies": {
        "when": ""
      }
    },
    "node_modules/when": {
      "version": "3.7.8",
      "resolved": "https://registry.npmjs.org/when/-/when-3.7.8.tgz",
      "integrity": "sha512-5cZ7mecD3eYcMiCH4wtRPA5iFJZ50BJYDfckI5RRpQiktMiYTcn0ccLTZOvcbBume+1304fQztxeNzNS9Gvrnw=="
    }
  }
}
